
Microsoft Visual Studio Solution File, Format Version 12.00
# Visual Studio Version 17
VisualStudioVersion = 17.14.36414.22
MinimumVisualStudioVersion = 10.0.40219.1
Project("{FAE04EC0-301F-11D3-BF4B-00C04F79EFBC}") = "Opx.Blazor.JsLibDOM", "Opx.Blazor.JsLibDOM.csproj", "{32358A50-FCD4-9AC9-09C9-14D321AF00F5}"
EndProject
Project("{FAE04EC0-301F-11D3-BF4B-00C04F79EFBC}") = "BlazorAppTest", "..\test\BlazorAppTest\BlazorAppTest.csproj", "{35EC6BDA-8131-4A9E-8EDE-CF623282CDA6}"
EndProject
Global
	GlobalSection(SolutionConfigurationPlatforms) = preSolution
		Debug|Any CPU = Debug|Any CPU
		Release|Any CPU = Release|Any CPU
	EndGlobalSection
	GlobalSection(ProjectConfigurationPlatforms) = postSolution
		{32358A50-FCD4-9AC9-09C9-14D321AF00F5}.Debug|Any CPU.ActiveCfg = Debug|Any CPU
		{32358A50-FCD4-9AC9-09C9-14D321AF00F5}.Debug|Any CPU.Build.0 = Debug|Any CPU
		{32358A50-FCD4-9AC9-09C9-14D321AF00F5}.Release|Any CPU.ActiveCfg = Release|Any CPU
		{32358A50-FCD4-9AC9-09C9-14D321AF00F5}.Release|Any CPU.Build.0 = Release|Any CPU
		{35EC6BDA-8131-4A9E-8EDE-CF623282CDA6}.Debug|Any CPU.ActiveCfg = Debug|Any CPU
		{35EC6BDA-8131-4A9E-8EDE-CF623282CDA6}.Debug|Any CPU.Build.0 = Debug|Any CPU
		{35EC6BDA-8131-4A9E-8EDE-CF623282CDA6}.Release|Any CPU.ActiveCfg = Release|Any CPU
		{35EC6BDA-8131-4A9E-8EDE-CF623282CDA6}.Release|Any CPU.Build.0 = Release|Any CPU
	EndGlobalSection
	GlobalSection(SolutionProperties) = preSolution
		HideSolutionNode = FALSE
	EndGlobalSection
	GlobalSection(ExtensibilityGlobals) = postSolution
		SolutionGuid = {EB6E6821-BE9D-4900-8126-C4D6BE3335BD}
	EndGlobalSection
EndGlobal
